
Microsoft Visual Studio Solution File, Format Version 12.00
# Visual Studio Version 17
VisualStudioVersion = 17.0.32112.339
MinimumVisualStudioVersion = 10.0.40219.1
Project("{9A19103F-16F7-4668-BE54-9A1E7A4F7556}") = "KampIntro", "KampIntro\KampIntro.csproj", "{5688DCCE-8D52-4244-9ED6-3F20E35D2FC4}"
EndProject
Project("{9A19103F-16F7-4668-BE54-9A1E7A4F7556}") = "Donguler", "Donguler\Donguler.csproj", "{89C66926-449D-4671-9787-1684308B2EB5}"
EndProject
Project("{9A19103F-16F7-4668-BE54-9A1E7A4F7556}") = "ClassIntro", "ClassIntro\ClassIntro.csproj", "{CE1B579E-5C14-4696-8BFA-ED1EA5CA1AB7}"
EndProject
Project("{9A19103F-16F7-4668-BE54-9A1E7A4F7556}") = "Methods", "Methods\Methods.csproj", "{896304F0-0089-4182-9963-89AAC738BFEE}"
EndProject
Project("{9A19103F-16F7-4668-BE54-9A1E7A4F7556}") = "Matematik", "Matematik\Matematik.csproj", "{D5AD6A28-9E4C-4E17-8AD6-02769F46D794}"
EndProject
Project("{9A19103F-16F7-4668-BE54-9A1E7A4F7556}") = "DegerVeReferansTipler", "DegerVeReferansTipler\DegerVeReferansTipler.csproj", "{F425334D-B754-4538-81A6-0F2D4AF87A77}"
EndProject
Project("{FAE04EC0-301F-11D3-BF4B-00C04F79EFBC}") = "ClassMetodDemo", "ClassMetodDemo\ClassMetodDemo.csproj", "{98A1F4D1-C982-4450-8F9F-31AF920E072D}"
EndProject
Global
	GlobalSection(SolutionConfigurationPlatforms) = preSolution
		Debug|Any CPU = Debug|Any CPU
		Release|Any CPU = Release|Any CPU
	EndGlobalSection
	GlobalSection(ProjectConfigurationPlatforms) = postSolution
		{5688DCCE-8D52-4244-9ED6-3F20E35D2FC4}.Debug|Any CPU.ActiveCfg = Debug|Any CPU
		{5688DCCE-8D52-4244-9ED6-3F20E35D2FC4}.Debug|Any CPU.Build.0 = Debug|Any CPU
		{5688DCCE-8D52-4244-9ED6-3F20E35D2FC4}.Release|Any CPU.ActiveCfg = Release|Any CPU
		{5688DCCE-8D52-4244-9ED6-3F20E35D2FC4}.Release|Any CPU.Build.0 = Release|Any CPU
		{89C66926-449D-4671-9787-1684308B2EB5}.Debug|Any CPU.ActiveCfg = Debug|Any CPU
		{89C66926-449D-4671-9787-1684308B2EB5}.Debug|Any CPU.Build.0 = Debug|Any CPU
		{89C66926-449D-4671-9787-1684308B2EB5}.Release|Any CPU.ActiveCfg = Release|Any CPU
		{89C66926-449D-4671-9787-1684308B2EB5}.Release|Any CPU.Build.0 = Release|Any CPU
		{CE1B579E-5C14-4696-8BFA-ED1EA5CA1AB7}.Debug|Any CPU.ActiveCfg = Debug|Any CPU
		{CE1B579E-5C14-4696-8BFA-ED1EA5CA1AB7}.Debug|Any CPU.Build.0 = Debug|Any CPU
		{CE1B579E-5C14-4696-8BFA-ED1EA5CA1AB7}.Release|Any CPU.ActiveCfg = Release|Any CPU
		{CE1B579E-5C14-4696-8BFA-ED1EA5CA1AB7}.Release|Any CPU.Build.0 = Release|Any CPU
		{896304F0-0089-4182-9963-89AAC738BFEE}.Debug|Any CPU.ActiveCfg = Debug|Any CPU
		{896304F0-0089-4182-9963-89AAC738BFEE}.Debug|Any CPU.Build.0 = Debug|Any CPU
		{896304F0-0089-4182-9963-89AAC738BFEE}.Release|Any CPU.ActiveCfg = Release|Any CPU
		{896304F0-0089-4182-9963-89AAC738BFEE}.Release|Any CPU.Build.0 = Release|Any CPU
		{D5AD6A28-9E4C-4E17-8AD6-02769F46D794}.Debug|Any CPU.ActiveCfg = Debug|Any CPU
		{D5AD6A28-9E4C-4E17-8AD6-02769F46D794}.Debug|Any CPU.Build.0 = Debug|Any CPU
		{D5AD6A28-9E4C-4E17-8AD6-02769F46D794}.Release|Any CPU.ActiveCfg = Release|Any CPU
		{D5AD6A28-9E4C-4E17-8AD6-02769F46D794}.Release|Any CPU.Build.0 = Release|Any CPU
		{F425334D-B754-4538-81A6-0F2D4AF87A77}.Debug|Any CPU.ActiveCfg = Debug|Any CPU
		{F425334D-B754-4538-81A6-0F2D4AF87A77}.Debug|Any CPU.Build.0 = Debug|Any CPU
		{F425334D-B754-4538-81A6-0F2D4AF87A77}.Release|Any CPU.ActiveCfg = Release|Any CPU
		{F425334D-B754-4538-81A6-0F2D4AF87A77}.Release|Any CPU.Build.0 = Release|Any CPU
		{98A1F4D1-C982-4450-8F9F-31AF920E072D}.Debug|Any CPU.ActiveCfg = Debug|Any CPU
		{98A1F4D1-C982-4450-8F9F-31AF920E072D}.Debug|Any CPU.Build.0 = Debug|Any CPU
		{98A1F4D1-C982-4450-8F9F-31AF920E072D}.Release|Any CPU.ActiveCfg = Release|Any CPU
		{98A1F4D1-C982-4450-8F9F-31AF920E072D}.Release|Any CPU.Build.0 = Release|Any CPU
	EndGlobalSection
	GlobalSection(SolutionProperties) = preSolution
		HideSolutionNode = FALSE
	EndGlobalSection
	GlobalSection(ExtensibilityGlobals) = postSolution
		SolutionGuid = {2B06329A-D9B0-4E2E-BEEB-8CEDE2AF93EC}
	EndGlobalSection
EndGlobal
