
Microsoft Visual Studio Solution File, Format Version 12.00
# Visual Studio Version 17
VisualStudioVersion = 17.0.32112.339
MinimumVisualStudioVersion = 10.0.40219.1
Project("{9A19103F-16F7-4668-BE54-9A1E7A4F7556}") = "KampIntro", "KampIntro\KampIntro.csproj", "{5688DCCE-8D52-4244-9ED6-3F20E35D2FC4}"
EndProject
Project("{9A19103F-16F7-4668-BE54-9A1E7A4F7556}") = "Donguler", "Donguler\Donguler.csproj", "{89C66926-449D-4671-9787-1684308B2EB5}"
EndProject
Project("{9A19103F-16F7-4668-BE54-9A1E7A4F7556}") = "ClassIntro", "ClassIntro\ClassIntro.csproj", "{CE1B579E-5C14-4696-8BFA-ED1EA5CA1AB7}"
EndProject
Project("{9A19103F-16F7-4668-BE54-9A1E7A4F7556}") = "Methods", "Methods\Methods.csproj", "{896304F0-0089-4182-9963-89AAC738BFEE}"
EndProject
Project("{9A19103F-16F7-4668-BE54-9A1E7A4F7556}") = "Matematik", "Matematik\Matematik.csproj", "{D5AD6A28-9E4C-4E17-8AD6-02769F46D794}"
EndProject
Project("{9A19103F-16F7-4668-BE54-9A1E7A4F7556}") = "DegerVeReferansTipler", "DegerVeReferansTipler\DegerVeReferansTipler.csproj", "{F425334D-B754-4538-81A6-0F2D4AF87A77}"
EndProject
Project("{9A19103F-16F7-4668-BE54-9A1E7A4F7556}") = "ClassMetodDemo", "ClassMetodDemo\ClassMetodDemo.csproj", "{98A1F4D1-C982-4450-8F9F-31AF920E072D}"
EndProject
Project("{9A19103F-16F7-4668-BE54-9A1E7A4F7556}") = "OOP1", "OOP1\OOP1.csproj", "{6D76FE7F-18BD-4472-9593-57F05FFDAE0D}"
EndProject
Project("{9A19103F-16F7-4668-BE54-9A1E7A4F7556}") = "Collections", "Collections\Collections.csproj", "{620E24C6-0EE1-4C27-AC8D-E068B7ADCE77}"
EndProject
Project("{9A19103F-16F7-4668-BE54-9A1E7A4F7556}") = "GenericsIntro", "GenericsIntro\GenericsIntro.csproj", "{BB167D75-2E36-4638-83FC-3EA0C8A9050C}"
EndProject
Project("{9A19103F-16F7-4668-BE54-9A1E7A4F7556}") = "DegerVeReferansTipler2", "DegerVeReferansTipler2\DegerVeReferansTipler2.csproj", "{4465B9F1-3543-48C8-A6EB-028ABE70DBBF}"
EndProject
Project("{9A19103F-16F7-4668-BE54-9A1E7A4F7556}") = "Constructor", "Constructor\Constructor.csproj", "{8C805E0C-CDA9-485F-B21C-41EB91C0EA56}"
EndProject
Project("{9A19103F-16F7-4668-BE54-9A1E7A4F7556}") = "Generics", "Generics\Generics.csproj", "{C51A61F7-DD68-443A-883B-0D2D39D02145}"
EndProject
Project("{9A19103F-16F7-4668-BE54-9A1E7A4F7556}") = "MyDictionary", "MyDictionary\MyDictionary.csproj", "{565EDCBE-2D1A-4626-9F0A-06A08CE7DC76}"
EndProject
Project("{9A19103F-16F7-4668-BE54-9A1E7A4F7556}") = "OOP2", "OOP2\OOP2.csproj", "{BC833F14-7E89-4A01-A1C9-943EACB07382}"
EndProject
Project("{9A19103F-16F7-4668-BE54-9A1E7A4F7556}") = "OOP3", "OOP3\OOP3.csproj", "{839FA937-7BFE-444B-BFB4-5D68A426CAF2}"
EndProject
Project("{9A19103F-16F7-4668-BE54-9A1E7A4F7556}") = "OOP4", "OOP4\OOP4.csproj", "{9298FE80-3BA6-4BAE-88C9-8F48A67C2CE8}"
EndProject
Project("{FAE04EC0-301F-11D3-BF4B-00C04F79EFBC}") = "OOP4.1(RecapDemo)", "OOP4.1(RecapDemo)\OOP4.1(RecapDemo).csproj", "{AF8872B9-9047-429F-946C-7DB46690AEFE}"
EndProject
Project("{9A19103F-16F7-4668-BE54-9A1E7A4F7556}") = "OOP4.2(interfaces)", "OOP4.2(interfaces)\OOP4.2(interfaces).csproj", "{736ADAB6-93B6-4FF7-B1C6-6F23DCA0FEC3}"
EndProject
Project("{9A19103F-16F7-4668-BE54-9A1E7A4F7556}") = "InterfacesDemo", "InterfacesDemo\InterfacesDemo.csproj", "{E0539216-F4D3-4B25-88D2-769BE933D912}"
EndProject
Project("{9A19103F-16F7-4668-BE54-9A1E7A4F7556}") = "Inheritance", "Inheritance\Inheritance.csproj", "{483641EA-CE1F-429A-BA48-C3D92AE03269}"
EndProject
Project("{9A19103F-16F7-4668-BE54-9A1E7A4F7556}") = "Interfaces", "Interfaces\Interfaces.csproj", "{E0DCD2AA-AB21-4709-A062-47A9F70DAADF}"
EndProject
Project("{9A19103F-16F7-4668-BE54-9A1E7A4F7556}") = "InterfacesDemo2", "InterfacesDemo2\InterfacesDemo2.csproj", "{D245B47B-5FBC-4C88-9BE8-FD69B89D6D37}"
EndProject
Project("{9A19103F-16F7-4668-BE54-9A1E7A4F7556}") = "InterfaceAbstractDemo", "InterfaceAbstractDemo\InterfaceAbstractDemo.csproj", "{0BD340AB-ABD2-487B-9813-8727B9ECBAD5}"
EndProject
Project("{9A19103F-16F7-4668-BE54-9A1E7A4F7556}") = "AbstractClasses", "AbstractClasses\AbstractClasses.csproj", "{D526F2C2-0400-4C7D-94A3-1CF27F53C355}"
EndProject
Project("{9A19103F-16F7-4668-BE54-9A1E7A4F7556}") = "OOP5(pratices)", "OOP5(pratices)\OOP5(pratices).csproj", "{DF047A05-55D9-4364-87A8-1BA4928385FF}"
EndProject
Project("{9A19103F-16F7-4668-BE54-9A1E7A4F7556}") = "GameProjectDemo", "GameProjectDemo\GameProjectDemo.csproj", "{E803FA5B-4E65-4ED8-8A15-89C9AD6353E5}"
EndProject
Project("{9A19103F-16F7-4668-BE54-9A1E7A4F7556}") = "LINQProject", "LINQProject\LINQProject.csproj", "{86623E23-1017-4589-8F43-C17A7CDDCD58}"
EndProject
Project("{9A19103F-16F7-4668-BE54-9A1E7A4F7556}") = "CleanCodeDemo", "CleanCodeDemo\CleanCodeDemo.csproj", "{CB62CF4D-96E5-4AE9-A04B-6E0D74562FEC}"
EndProject
Project("{9A19103F-16F7-4668-BE54-9A1E7A4F7556}") = "CleanCodeDemo2", "CleanCodeDemo2\CleanCodeDemo2.csproj", "{D6330DD1-CD32-4C07-90A0-B4FF959A4085}"
EndProject
Project("{9A19103F-16F7-4668-BE54-9A1E7A4F7556}") = "YoutubeDemo", "YoutubeDemo\YoutubeDemo.csproj", "{4637D09E-057A-4309-8FF8-F4DF5E849421}"
EndProject
Project("{9A19103F-16F7-4668-BE54-9A1E7A4F7556}") = "EntityFrameworkDemo", "EntityFrameworkDemo\EntityFrameworkDemo.csproj", "{158C4F4E-5617-4A73-9342-63B8B25C7219}"
EndProject
Project("{FAE04EC0-301F-11D3-BF4B-00C04F79EFBC}") = "Project4.Entities", "Project4.Entities\Project4.Entities.csproj", "{D96BFA7B-C815-4A73-8F64-0301B17FB6B5}"
EndProject
Global
	GlobalSection(SolutionConfigurationPlatforms) = preSolution
		Debug|Any CPU = Debug|Any CPU
		Release|Any CPU = Release|Any CPU
	EndGlobalSection
	GlobalSection(ProjectConfigurationPlatforms) = postSolution
		{5688DCCE-8D52-4244-9ED6-3F20E35D2FC4}.Debug|Any CPU.ActiveCfg = Debug|Any CPU
		{5688DCCE-8D52-4244-9ED6-3F20E35D2FC4}.Debug|Any CPU.Build.0 = Debug|Any CPU
		{5688DCCE-8D52-4244-9ED6-3F20E35D2FC4}.Release|Any CPU.ActiveCfg = Release|Any CPU
		{5688DCCE-8D52-4244-9ED6-3F20E35D2FC4}.Release|Any CPU.Build.0 = Release|Any CPU
		{89C66926-449D-4671-9787-1684308B2EB5}.Debug|Any CPU.ActiveCfg = Debug|Any CPU
		{89C66926-449D-4671-9787-1684308B2EB5}.Debug|Any CPU.Build.0 = Debug|Any CPU
		{89C66926-449D-4671-9787-1684308B2EB5}.Release|Any CPU.ActiveCfg = Release|Any CPU
		{89C66926-449D-4671-9787-1684308B2EB5}.Release|Any CPU.Build.0 = Release|Any CPU
		{CE1B579E-5C14-4696-8BFA-ED1EA5CA1AB7}.Debug|Any CPU.ActiveCfg = Debug|Any CPU
		{CE1B579E-5C14-4696-8BFA-ED1EA5CA1AB7}.Debug|Any CPU.Build.0 = Debug|Any CPU
		{CE1B579E-5C14-4696-8BFA-ED1EA5CA1AB7}.Release|Any CPU.ActiveCfg = Release|Any CPU
		{CE1B579E-5C14-4696-8BFA-ED1EA5CA1AB7}.Release|Any CPU.Build.0 = Release|Any CPU
		{896304F0-0089-4182-9963-89AAC738BFEE}.Debug|Any CPU.ActiveCfg = Debug|Any CPU
		{896304F0-0089-4182-9963-89AAC738BFEE}.Debug|Any CPU.Build.0 = Debug|Any CPU
		{896304F0-0089-4182-9963-89AAC738BFEE}.Release|Any CPU.ActiveCfg = Release|Any CPU
		{896304F0-0089-4182-9963-89AAC738BFEE}.Release|Any CPU.Build.0 = Release|Any CPU
		{D5AD6A28-9E4C-4E17-8AD6-02769F46D794}.Debug|Any CPU.ActiveCfg = Debug|Any CPU
		{D5AD6A28-9E4C-4E17-8AD6-02769F46D794}.Debug|Any CPU.Build.0 = Debug|Any CPU
		{D5AD6A28-9E4C-4E17-8AD6-02769F46D794}.Release|Any CPU.ActiveCfg = Release|Any CPU
		{D5AD6A28-9E4C-4E17-8AD6-02769F46D794}.Release|Any CPU.Build.0 = Release|Any CPU
		{F425334D-B754-4538-81A6-0F2D4AF87A77}.Debug|Any CPU.ActiveCfg = Debug|Any CPU
		{F425334D-B754-4538-81A6-0F2D4AF87A77}.Debug|Any CPU.Build.0 = Debug|Any CPU
		{F425334D-B754-4538-81A6-0F2D4AF87A77}.Release|Any CPU.ActiveCfg = Release|Any CPU
		{F425334D-B754-4538-81A6-0F2D4AF87A77}.Release|Any CPU.Build.0 = Release|Any CPU
		{98A1F4D1-C982-4450-8F9F-31AF920E072D}.Debug|Any CPU.ActiveCfg = Debug|Any CPU
		{98A1F4D1-C982-4450-8F9F-31AF920E072D}.Debug|Any CPU.Build.0 = Debug|Any CPU
		{98A1F4D1-C982-4450-8F9F-31AF920E072D}.Release|Any CPU.ActiveCfg = Release|Any CPU
		{98A1F4D1-C982-4450-8F9F-31AF920E072D}.Release|Any CPU.Build.0 = Release|Any CPU
		{6D76FE7F-18BD-4472-9593-57F05FFDAE0D}.Debug|Any CPU.ActiveCfg = Debug|Any CPU
		{6D76FE7F-18BD-4472-9593-57F05FFDAE0D}.Debug|Any CPU.Build.0 = Debug|Any CPU
		{6D76FE7F-18BD-4472-9593-57F05FFDAE0D}.Release|Any CPU.ActiveCfg = Release|Any CPU
		{6D76FE7F-18BD-4472-9593-57F05FFDAE0D}.Release|Any CPU.Build.0 = Release|Any CPU
		{620E24C6-0EE1-4C27-AC8D-E068B7ADCE77}.Debug|Any CPU.ActiveCfg = Debug|Any CPU
		{620E24C6-0EE1-4C27-AC8D-E068B7ADCE77}.Debug|Any CPU.Build.0 = Debug|Any CPU
		{620E24C6-0EE1-4C27-AC8D-E068B7ADCE77}.Release|Any CPU.ActiveCfg = Release|Any CPU
		{620E24C6-0EE1-4C27-AC8D-E068B7ADCE77}.Release|Any CPU.Build.0 = Release|Any CPU
		{BB167D75-2E36-4638-83FC-3EA0C8A9050C}.Debug|Any CPU.ActiveCfg = Debug|Any CPU
		{BB167D75-2E36-4638-83FC-3EA0C8A9050C}.Debug|Any CPU.Build.0 = Debug|Any CPU
		{BB167D75-2E36-4638-83FC-3EA0C8A9050C}.Release|Any CPU.ActiveCfg = Release|Any CPU
		{BB167D75-2E36-4638-83FC-3EA0C8A9050C}.Release|Any CPU.Build.0 = Release|Any CPU
		{4465B9F1-3543-48C8-A6EB-028ABE70DBBF}.Debug|Any CPU.ActiveCfg = Debug|Any CPU
		{4465B9F1-3543-48C8-A6EB-028ABE70DBBF}.Debug|Any CPU.Build.0 = Debug|Any CPU
		{4465B9F1-3543-48C8-A6EB-028ABE70DBBF}.Release|Any CPU.ActiveCfg = Release|Any CPU
		{4465B9F1-3543-48C8-A6EB-028ABE70DBBF}.Release|Any CPU.Build.0 = Release|Any CPU
		{8C805E0C-CDA9-485F-B21C-41EB91C0EA56}.Debug|Any CPU.ActiveCfg = Debug|Any CPU
		{8C805E0C-CDA9-485F-B21C-41EB91C0EA56}.Debug|Any CPU.Build.0 = Debug|Any CPU
		{8C805E0C-CDA9-485F-B21C-41EB91C0EA56}.Release|Any CPU.ActiveCfg = Release|Any CPU
		{8C805E0C-CDA9-485F-B21C-41EB91C0EA56}.Release|Any CPU.Build.0 = Release|Any CPU
		{C51A61F7-DD68-443A-883B-0D2D39D02145}.Debug|Any CPU.ActiveCfg = Debug|Any CPU
		{C51A61F7-DD68-443A-883B-0D2D39D02145}.Debug|Any CPU.Build.0 = Debug|Any CPU
		{C51A61F7-DD68-443A-883B-0D2D39D02145}.Release|Any CPU.ActiveCfg = Release|Any CPU
		{C51A61F7-DD68-443A-883B-0D2D39D02145}.Release|Any CPU.Build.0 = Release|Any CPU
		{565EDCBE-2D1A-4626-9F0A-06A08CE7DC76}.Debug|Any CPU.ActiveCfg = Debug|Any CPU
		{565EDCBE-2D1A-4626-9F0A-06A08CE7DC76}.Debug|Any CPU.Build.0 = Debug|Any CPU
		{565EDCBE-2D1A-4626-9F0A-06A08CE7DC76}.Release|Any CPU.ActiveCfg = Release|Any CPU
		{565EDCBE-2D1A-4626-9F0A-06A08CE7DC76}.Release|Any CPU.Build.0 = Release|Any CPU
		{BC833F14-7E89-4A01-A1C9-943EACB07382}.Debug|Any CPU.ActiveCfg = Debug|Any CPU
		{BC833F14-7E89-4A01-A1C9-943EACB07382}.Debug|Any CPU.Build.0 = Debug|Any CPU
		{BC833F14-7E89-4A01-A1C9-943EACB07382}.Release|Any CPU.ActiveCfg = Release|Any CPU
		{BC833F14-7E89-4A01-A1C9-943EACB07382}.Release|Any CPU.Build.0 = Release|Any CPU
		{839FA937-7BFE-444B-BFB4-5D68A426CAF2}.Debug|Any CPU.ActiveCfg = Debug|Any CPU
		{839FA937-7BFE-444B-BFB4-5D68A426CAF2}.Debug|Any CPU.Build.0 = Debug|Any CPU
		{839FA937-7BFE-444B-BFB4-5D68A426CAF2}.Release|Any CPU.ActiveCfg = Release|Any CPU
		{839FA937-7BFE-444B-BFB4-5D68A426CAF2}.Release|Any CPU.Build.0 = Release|Any CPU
		{9298FE80-3BA6-4BAE-88C9-8F48A67C2CE8}.Debug|Any CPU.ActiveCfg = Debug|Any CPU
		{9298FE80-3BA6-4BAE-88C9-8F48A67C2CE8}.Debug|Any CPU.Build.0 = Debug|Any CPU
		{9298FE80-3BA6-4BAE-88C9-8F48A67C2CE8}.Release|Any CPU.ActiveCfg = Release|Any CPU
		{9298FE80-3BA6-4BAE-88C9-8F48A67C2CE8}.Release|Any CPU.Build.0 = Release|Any CPU
		{AF8872B9-9047-429F-946C-7DB46690AEFE}.Debug|Any CPU.ActiveCfg = Debug|Any CPU
		{AF8872B9-9047-429F-946C-7DB46690AEFE}.Debug|Any CPU.Build.0 = Debug|Any CPU
		{AF8872B9-9047-429F-946C-7DB46690AEFE}.Release|Any CPU.ActiveCfg = Release|Any CPU
		{AF8872B9-9047-429F-946C-7DB46690AEFE}.Release|Any CPU.Build.0 = Release|Any CPU
		{736ADAB6-93B6-4FF7-B1C6-6F23DCA0FEC3}.Debug|Any CPU.ActiveCfg = Debug|Any CPU
		{736ADAB6-93B6-4FF7-B1C6-6F23DCA0FEC3}.Debug|Any CPU.Build.0 = Debug|Any CPU
		{736ADAB6-93B6-4FF7-B1C6-6F23DCA0FEC3}.Release|Any CPU.ActiveCfg = Release|Any CPU
		{736ADAB6-93B6-4FF7-B1C6-6F23DCA0FEC3}.Release|Any CPU.Build.0 = Release|Any CPU
		{E0539216-F4D3-4B25-88D2-769BE933D912}.Debug|Any CPU.ActiveCfg = Debug|Any CPU
		{E0539216-F4D3-4B25-88D2-769BE933D912}.Debug|Any CPU.Build.0 = Debug|Any CPU
		{E0539216-F4D3-4B25-88D2-769BE933D912}.Release|Any CPU.ActiveCfg = Release|Any CPU
		{E0539216-F4D3-4B25-88D2-769BE933D912}.Release|Any CPU.Build.0 = Release|Any CPU
		{483641EA-CE1F-429A-BA48-C3D92AE03269}.Debug|Any CPU.ActiveCfg = Debug|Any CPU
		{483641EA-CE1F-429A-BA48-C3D92AE03269}.Debug|Any CPU.Build.0 = Debug|Any CPU
		{483641EA-CE1F-429A-BA48-C3D92AE03269}.Release|Any CPU.ActiveCfg = Release|Any CPU
		{483641EA-CE1F-429A-BA48-C3D92AE03269}.Release|Any CPU.Build.0 = Release|Any CPU
		{E0DCD2AA-AB21-4709-A062-47A9F70DAADF}.Debug|Any CPU.ActiveCfg = Debug|Any CPU
		{E0DCD2AA-AB21-4709-A062-47A9F70DAADF}.Debug|Any CPU.Build.0 = Debug|Any CPU
		{E0DCD2AA-AB21-4709-A062-47A9F70DAADF}.Release|Any CPU.ActiveCfg = Release|Any CPU
		{E0DCD2AA-AB21-4709-A062-47A9F70DAADF}.Release|Any CPU.Build.0 = Release|Any CPU
		{D245B47B-5FBC-4C88-9BE8-FD69B89D6D37}.Debug|Any CPU.ActiveCfg = Debug|Any CPU
		{D245B47B-5FBC-4C88-9BE8-FD69B89D6D37}.Debug|Any CPU.Build.0 = Debug|Any CPU
		{D245B47B-5FBC-4C88-9BE8-FD69B89D6D37}.Release|Any CPU.ActiveCfg = Release|Any CPU
		{D245B47B-5FBC-4C88-9BE8-FD69B89D6D37}.Release|Any CPU.Build.0 = Release|Any CPU
		{0BD340AB-ABD2-487B-9813-8727B9ECBAD5}.Debug|Any CPU.ActiveCfg = Debug|Any CPU
		{0BD340AB-ABD2-487B-9813-8727B9ECBAD5}.Debug|Any CPU.Build.0 = Debug|Any CPU
		{0BD340AB-ABD2-487B-9813-8727B9ECBAD5}.Release|Any CPU.ActiveCfg = Release|Any CPU
		{0BD340AB-ABD2-487B-9813-8727B9ECBAD5}.Release|Any CPU.Build.0 = Release|Any CPU
		{D526F2C2-0400-4C7D-94A3-1CF27F53C355}.Debug|Any CPU.ActiveCfg = Debug|Any CPU
		{D526F2C2-0400-4C7D-94A3-1CF27F53C355}.Debug|Any CPU.Build.0 = Debug|Any CPU
		{D526F2C2-0400-4C7D-94A3-1CF27F53C355}.Release|Any CPU.ActiveCfg = Release|Any CPU
		{D526F2C2-0400-4C7D-94A3-1CF27F53C355}.Release|Any CPU.Build.0 = Release|Any CPU
		{DF047A05-55D9-4364-87A8-1BA4928385FF}.Debug|Any CPU.ActiveCfg = Debug|Any CPU
		{DF047A05-55D9-4364-87A8-1BA4928385FF}.Debug|Any CPU.Build.0 = Debug|Any CPU
		{DF047A05-55D9-4364-87A8-1BA4928385FF}.Release|Any CPU.ActiveCfg = Release|Any CPU
		{DF047A05-55D9-4364-87A8-1BA4928385FF}.Release|Any CPU.Build.0 = Release|Any CPU
		{E803FA5B-4E65-4ED8-8A15-89C9AD6353E5}.Debug|Any CPU.ActiveCfg = Debug|Any CPU
		{E803FA5B-4E65-4ED8-8A15-89C9AD6353E5}.Debug|Any CPU.Build.0 = Debug|Any CPU
		{E803FA5B-4E65-4ED8-8A15-89C9AD6353E5}.Release|Any CPU.ActiveCfg = Release|Any CPU
		{E803FA5B-4E65-4ED8-8A15-89C9AD6353E5}.Release|Any CPU.Build.0 = Release|Any CPU
		{86623E23-1017-4589-8F43-C17A7CDDCD58}.Debug|Any CPU.ActiveCfg = Debug|Any CPU
		{86623E23-1017-4589-8F43-C17A7CDDCD58}.Debug|Any CPU.Build.0 = Debug|Any CPU
		{86623E23-1017-4589-8F43-C17A7CDDCD58}.Release|Any CPU.ActiveCfg = Release|Any CPU
		{86623E23-1017-4589-8F43-C17A7CDDCD58}.Release|Any CPU.Build.0 = Release|Any CPU
		{CB62CF4D-96E5-4AE9-A04B-6E0D74562FEC}.Debug|Any CPU.ActiveCfg = Debug|Any CPU
		{CB62CF4D-96E5-4AE9-A04B-6E0D74562FEC}.Debug|Any CPU.Build.0 = Debug|Any CPU
		{CB62CF4D-96E5-4AE9-A04B-6E0D74562FEC}.Release|Any CPU.ActiveCfg = Release|Any CPU
		{CB62CF4D-96E5-4AE9-A04B-6E0D74562FEC}.Release|Any CPU.Build.0 = Release|Any CPU
		{D6330DD1-CD32-4C07-90A0-B4FF959A4085}.Debug|Any CPU.ActiveCfg = Debug|Any CPU
		{D6330DD1-CD32-4C07-90A0-B4FF959A4085}.Debug|Any CPU.Build.0 = Debug|Any CPU
		{D6330DD1-CD32-4C07-90A0-B4FF959A4085}.Release|Any CPU.ActiveCfg = Release|Any CPU
		{D6330DD1-CD32-4C07-90A0-B4FF959A4085}.Release|Any CPU.Build.0 = Release|Any CPU
		{4637D09E-057A-4309-8FF8-F4DF5E849421}.Debug|Any CPU.ActiveCfg = Debug|Any CPU
		{4637D09E-057A-4309-8FF8-F4DF5E849421}.Debug|Any CPU.Build.0 = Debug|Any CPU
		{4637D09E-057A-4309-8FF8-F4DF5E849421}.Release|Any CPU.ActiveCfg = Release|Any CPU
		{4637D09E-057A-4309-8FF8-F4DF5E849421}.Release|Any CPU.Build.0 = Release|Any CPU
		{158C4F4E-5617-4A73-9342-63B8B25C7219}.Debug|Any CPU.ActiveCfg = Debug|Any CPU
		{158C4F4E-5617-4A73-9342-63B8B25C7219}.Debug|Any CPU.Build.0 = Debug|Any CPU
		{158C4F4E-5617-4A73-9342-63B8B25C7219}.Release|Any CPU.ActiveCfg = Release|Any CPU
		{158C4F4E-5617-4A73-9342-63B8B25C7219}.Release|Any CPU.Build.0 = Release|Any CPU
		{D96BFA7B-C815-4A73-8F64-0301B17FB6B5}.Debug|Any CPU.ActiveCfg = Debug|Any CPU
		{D96BFA7B-C815-4A73-8F64-0301B17FB6B5}.Debug|Any CPU.Build.0 = Debug|Any CPU
		{D96BFA7B-C815-4A73-8F64-0301B17FB6B5}.Release|Any CPU.ActiveCfg = Release|Any CPU
		{D96BFA7B-C815-4A73-8F64-0301B17FB6B5}.Release|Any CPU.Build.0 = Release|Any CPU
	EndGlobalSection
	GlobalSection(SolutionProperties) = preSolution
		HideSolutionNode = FALSE
	EndGlobalSection
	GlobalSection(ExtensibilityGlobals) = postSolution
		SolutionGuid = {2B06329A-D9B0-4E2E-BEEB-8CEDE2AF93EC}
	EndGlobalSection
EndGlobal
